
Microsoft Visual Studio Solution File, Format Version 12.00
# Visual Studio 15
VisualStudioVersion = 15.0.28307.168
MinimumVisualStudioVersion = 10.0.40219.1
Project("{888888A0-9F3D-457C-B088-3A5042F75D52}") = "bfs_Lopez", "bfs_Lopez.pyproj", "{94B68D98-D12D-4872-ABF2-7F1B161AA4E1}"
EndProject
Global
	GlobalSection(SolutionConfigurationPlatforms) = preSolution
		Debug|Any CPU = Debug|Any CPU
		Release|Any CPU = Release|Any CPU
	EndGlobalSection
	GlobalSection(ProjectConfigurationPlatforms) = postSolution
		{94B68D98-D12D-4872-ABF2-7F1B161AA4E1}.Debug|Any CPU.ActiveCfg = Debug|Any CPU
		{94B68D98-D12D-4872-ABF2-7F1B161AA4E1}.Release|Any CPU.ActiveCfg = Release|Any CPU
	EndGlobalSection
	GlobalSection(SolutionProperties) = preSolution
		HideSolutionNode = FALSE
	EndGlobalSection
	GlobalSection(ExtensibilityGlobals) = postSolution
		SolutionGuid = {6592DC6F-1C44-42D6-B181-9030A0D4C234}
	EndGlobalSection
EndGlobal
